// !$*UTF8*$!
{
	archiveVersion = 1;
	classes = {
	};
	objectVersion = 56;
	objects = {

/* Begin PBXBuildFile section */
		27D6D12E2A8A807600505EB2 /* AppDelegate.swift in Sources */ = {isa = PBXBuildFile; fileRef = 27D6D12D2A8A807600505EB2 /* AppDelegate.swift */; };
		27D6D1322A8A807600505EB2 /* LoginViewController.swift in Sources */ = {isa = PBXBuildFile; fileRef = 27D6D1312A8A807600505EB2 /* LoginViewController.swift */; };
		27D6D1352A8A807600505EB2 /* Main.storyboard in Resources */ = {isa = PBXBuildFile; fileRef = 27D6D1332A8A807600505EB2 /* Main.storyboard */; };
		27D6D1372A8A807700505EB2 /* Assets.xcassets in Resources */ = {isa = PBXBuildFile; fileRef = 27D6D1362A8A807700505EB2 /* Assets.xcassets */; };
		27D6D13A2A8A807700505EB2 /* LaunchScreen.storyboard in Resources */ = {isa = PBXBuildFile; fileRef = 27D6D1382A8A807700505EB2 /* LaunchScreen.storyboard */; };
		27D6D1462A8AB68600505EB2 /* User.swift in Sources */ = {isa = PBXBuildFile; fileRef = 27D6D1452A8AB68600505EB2 /* User.swift */; };
		27D6D1482A8AB70500505EB2 /* LoginViewModel.swift in Sources */ = {isa = PBXBuildFile; fileRef = 27D6D1472A8AB70500505EB2 /* LoginViewModel.swift */; };
		27DDA54C2A8CBC5B00EB1413 /* AppCoordinator.swift in Sources */ = {isa = PBXBuildFile; fileRef = 27DDA54B2A8CBC5B00EB1413 /* AppCoordinator.swift */; };
		27DDA54F2A8CBF7700EB1413 /* Storyboardable.swift in Sources */ = {isa = PBXBuildFile; fileRef = 27DDA54E2A8CBF7700EB1413 /* Storyboardable.swift */; };
		27DDA5512A8CFF0D00EB1413 /* MainViewController.swift in Sources */ = {isa = PBXBuildFile; fileRef = 27DDA5502A8CFF0D00EB1413 /* MainViewController.swift */; };
		27DDA5532A8CFF2100EB1413 /* DetailViewController.swift in Sources */ = {isa = PBXBuildFile; fileRef = 27DDA5522A8CFF2100EB1413 /* DetailViewController.swift */; };
		27DDA5552A8CFF4000EB1413 /* MainViewModel.swift in Sources */ = {isa = PBXBuildFile; fileRef = 27DDA5542A8CFF4000EB1413 /* MainViewModel.swift */; };
		27DDA5572A8CFF5500EB1413 /* DetailViewModel.swift in Sources */ = {isa = PBXBuildFile; fileRef = 27DDA5562A8CFF5500EB1413 /* DetailViewModel.swift */; };
		27DDA5592A8CFF9400EB1413 /* UserData.swift in Sources */ = {isa = PBXBuildFile; fileRef = 27DDA5582A8CFF9400EB1413 /* UserData.swift */; };
		27DDA55C2A8E48CC00EB1413 /* String+Extension.swift in Sources */ = {isa = PBXBuildFile; fileRef = 27DDA55B2A8E48CC00EB1413 /* String+Extension.swift */; };
/* End PBXBuildFile section */

/* Begin PBXFileReference section */
		27D6D12A2A8A807500505EB2 /* MVVM+Coordinator.app */ = {isa = PBXFileReference; explicitFileType = wrapper.application; includeInIndex = 0; path = "MVVM+Coordinator.app"; sourceTree = BUILT_PRODUCTS_DIR; };
		27D6D12D2A8A807600505EB2 /* AppDelegate.swift */ = {isa = PBXFileReference; lastKnownFileType = sourcecode.swift; path = AppDelegate.swift; sourceTree = "<group>"; };
		27D6D1312A8A807600505EB2 /* LoginViewController.swift */ = {isa = PBXFileReference; lastKnownFileType = sourcecode.swift; path = LoginViewController.swift; sourceTree = "<group>"; };
		27D6D1342A8A807600505EB2 /* Base */ = {isa = PBXFileReference; lastKnownFileType = file.storyboard; name = Base; path = Base.lproj/Main.storyboard; sourceTree = "<group>"; };
		27D6D1362A8A807700505EB2 /* Assets.xcassets */ = {isa = PBXFileReference; lastKnownFileType = folder.assetcatalog; path = Assets.xcassets; sourceTree = "<group>"; };
		27D6D1392A8A807700505EB2 /* Base */ = {isa = PBXFileReference; lastKnownFileType = file.storyboard; name = Base; path = Base.lproj/LaunchScreen.storyboard; sourceTree = "<group>"; };
		27D6D13B2A8A807700505EB2 /* Info.plist */ = {isa = PBXFileReference; lastKnownFileType = text.plist.xml; path = Info.plist; sourceTree = "<group>"; };
		27D6D1452A8AB68600505EB2 /* User.swift */ = {isa = PBXFileReference; lastKnownFileType = sourcecode.swift; path = User.swift; sourceTree = "<group>"; };
		27D6D1472A8AB70500505EB2 /* LoginViewModel.swift */ = {isa = PBXFileReference; lastKnownFileType = sourcecode.swift; path = LoginViewModel.swift; sourceTree = "<group>"; };
		27DDA54B2A8CBC5B00EB1413 /* AppCoordinator.swift */ = {isa = PBXFileReference; lastKnownFileType = sourcecode.swift; path = AppCoordinator.swift; sourceTree = "<group>"; };
		27DDA54E2A8CBF7700EB1413 /* Storyboardable.swift */ = {isa = PBXFileReference; lastKnownFileType = sourcecode.swift; path = Storyboardable.swift; sourceTree = "<group>"; };
		27DDA5502A8CFF0D00EB1413 /* MainViewController.swift */ = {isa = PBXFileReference; lastKnownFileType = sourcecode.swift; path = MainViewController.swift; sourceTree = "<group>"; };
		27DDA5522A8CFF2100EB1413 /* DetailViewController.swift */ = {isa = PBXFileReference; lastKnownFileType = sourcecode.swift; path = DetailViewController.swift; sourceTree = "<group>"; };
		27DDA5542A8CFF4000EB1413 /* MainViewModel.swift */ = {isa = PBXFileReference; lastKnownFileType = sourcecode.swift; path = MainViewModel.swift; sourceTree = "<group>"; };
		27DDA5562A8CFF5500EB1413 /* DetailViewModel.swift */ = {isa = PBXFileReference; lastKnownFileType = sourcecode.swift; path = DetailViewModel.swift; sourceTree = "<group>"; };
		27DDA5582A8CFF9400EB1413 /* UserData.swift */ = {isa = PBXFileReference; lastKnownFileType = sourcecode.swift; path = UserData.swift; sourceTree = "<group>"; };
		27DDA55B2A8E48CC00EB1413 /* String+Extension.swift */ = {isa = PBXFileReference; lastKnownFileType = sourcecode.swift; path = "String+Extension.swift"; sourceTree = "<group>"; };
/* End PBXFileReference section */

/* Begin PBXFrameworksBuildPhase section */
		27D6D1272A8A807500505EB2 /* Frameworks */ = {
			isa = PBXFrameworksBuildPhase;
			buildActionMask = 2147483647;
			files = (
			);
			runOnlyForDeploymentPostprocessing = 0;
		};
/* End PBXFrameworksBuildPhase section */

/* Begin PBXGroup section */
		27D6D1212A8A807500505EB2 = {
			isa = PBXGroup;
			children = (
				27D6D12C2A8A807500505EB2 /* MVVM+Coordinator */,
				27D6D12B2A8A807500505EB2 /* Products */,
			);
			sourceTree = "<group>";
		};
		27D6D12B2A8A807500505EB2 /* Products */ = {
			isa = PBXGroup;
			children = (
				27D6D12A2A8A807500505EB2 /* MVVM+Coordinator.app */,
			);
			name = Products;
			sourceTree = "<group>";
		};
		27D6D12C2A8A807500505EB2 /* MVVM+Coordinator */ = {
			isa = PBXGroup;
			children = (
				27DDA55A2A8E48B200EB1413 /* Extension */,
				27D6D14C2A8C002C00505EB2 /* Coordinators */,
				27D6D1432A8AB64700505EB2 /* ViewModels */,
				27D6D1422A8AB63700505EB2 /* Views */,
				27D6D1412A8AB5F500505EB2 /* Models */,
				27D6D12D2A8A807600505EB2 /* AppDelegate.swift */,
				27D6D1362A8A807700505EB2 /* Assets.xcassets */,
				27D6D13B2A8A807700505EB2 /* Info.plist */,
			);
			path = "MVVM+Coordinator";
			sourceTree = "<group>";
		};
		27D6D1412A8AB5F500505EB2 /* Models */ = {
			isa = PBXGroup;
			children = (
				27D6D1452A8AB68600505EB2 /* User.swift */,
				27DDA5582A8CFF9400EB1413 /* UserData.swift */,
			);
			path = Models;
			sourceTree = "<group>";
		};
		27D6D1422A8AB63700505EB2 /* Views */ = {
			isa = PBXGroup;
			children = (
				27DDA54D2A8CBF4D00EB1413 /* Protocols */,
				27D6D1442A8AB65400505EB2 /* Storyboards */,
				27D6D1312A8A807600505EB2 /* LoginViewController.swift */,
				27DDA5502A8CFF0D00EB1413 /* MainViewController.swift */,
				27DDA5522A8CFF2100EB1413 /* DetailViewController.swift */,
			);
			path = Views;
			sourceTree = "<group>";
		};
		27D6D1432A8AB64700505EB2 /* ViewModels */ = {
			isa = PBXGroup;
			children = (
				27D6D1472A8AB70500505EB2 /* LoginViewModel.swift */,
				27DDA5542A8CFF4000EB1413 /* MainViewModel.swift */,
				27DDA5562A8CFF5500EB1413 /* DetailViewModel.swift */,
			);
			path = ViewModels;
			sourceTree = "<group>";
		};
		27D6D1442A8AB65400505EB2 /* Storyboards */ = {
			isa = PBXGroup;
			children = (
				27D6D1332A8A807600505EB2 /* Main.storyboard */,
				27D6D1382A8A807700505EB2 /* LaunchScreen.storyboard */,
			);
			path = Storyboards;
			sourceTree = "<group>";
		};
		27D6D14C2A8C002C00505EB2 /* Coordinators */ = {
			isa = PBXGroup;
			children = (
				27DDA54B2A8CBC5B00EB1413 /* AppCoordinator.swift */,
			);
			path = Coordinators;
			sourceTree = "<group>";
		};
		27DDA54D2A8CBF4D00EB1413 /* Protocols */ = {
			isa = PBXGroup;
			children = (
				27DDA54E2A8CBF7700EB1413 /* Storyboardable.swift */,
			);
			path = Protocols;
			sourceTree = "<group>";
		};
		27DDA55A2A8E48B200EB1413 /* Extension */ = {
			isa = PBXGroup;
			children = (
				27DDA55B2A8E48CC00EB1413 /* String+Extension.swift */,
			);
			path = Extension;
			sourceTree = "<group>";
		};
/* End PBXGroup section */

/* Begin PBXNativeTarget section */
		27D6D1292A8A807500505EB2 /* MVVM+Coordinator */ = {
			isa = PBXNativeTarget;
			buildConfigurationList = 27D6D13E2A8A807700505EB2 /* Build configuration list for PBXNativeTarget "MVVM+Coordinator" */;
			buildPhases = (
				27D6D1262A8A807500505EB2 /* Sources */,
				27D6D1272A8A807500505EB2 /* Frameworks */,
				27D6D1282A8A807500505EB2 /* Resources */,
			);
			buildRules = (
			);
			dependencies = (
			);
			name = "MVVM+Coordinator";
			productName = "MVVM+Coordinator";
			productReference = 27D6D12A2A8A807500505EB2 /* MVVM+Coordinator.app */;
			productType = "com.apple.product-type.application";
		};
/* End PBXNativeTarget section */

/* Begin PBXProject section */
		27D6D1222A8A807500505EB2 /* Project object */ = {
			isa = PBXProject;
			attributes = {
				BuildIndependentTargetsInParallel = 1;
				LastSwiftUpdateCheck = 1430;
				LastUpgradeCheck = 1430;
				TargetAttributes = {
					27D6D1292A8A807500505EB2 = {
						CreatedOnToolsVersion = 14.3.1;
					};
				};
			};
			buildConfigurationList = 27D6D1252A8A807500505EB2 /* Build configuration list for PBXProject "MVVM+Coordinator" */;
			compatibilityVersion = "Xcode 14.0";
			developmentRegion = en;
			hasScannedForEncodings = 0;
			knownRegions = (
				en,
				Base,
			);
			mainGroup = 27D6D1212A8A807500505EB2;
			productRefGroup = 27D6D12B2A8A807500505EB2 /* Products */;
			projectDirPath = "";
			projectRoot = "";
			targets = (
				27D6D1292A8A807500505EB2 /* MVVM+Coordinator */,
			);
		};
/* End PBXProject section */

/* Begin PBXResourcesBuildPhase section */
		27D6D1282A8A807500505EB2 /* Resources */ = {
			isa = PBXResourcesBuildPhase;
			buildActionMask = 2147483647;
			files = (
				27D6D13A2A8A807700505EB2 /* LaunchScreen.storyboard in Resources */,
				27D6D1372A8A807700505EB2 /* Assets.xcassets in Resources */,
				27D6D1352A8A807600505EB2 /* Main.storyboard in Resources */,
			);
			runOnlyForDeploymentPostprocessing = 0;
		};
/* End PBXResourcesBuildPhase section */

/* Begin PBXSourcesBuildPhase section */
		27D6D1262A8A807500505EB2 /* Sources */ = {
			isa = PBXSourcesBuildPhase;
			buildActionMask = 2147483647;
			files = (
				27DDA5592A8CFF9400EB1413 /* UserData.swift in Sources */,
				27D6D1482A8AB70500505EB2 /* LoginViewModel.swift in Sources */,
				27D6D1462A8AB68600505EB2 /* User.swift in Sources */,
				27D6D1322A8A807600505EB2 /* LoginViewController.swift in Sources */,
				27DDA54F2A8CBF7700EB1413 /* Storyboardable.swift in Sources */,
				27DDA5512A8CFF0D00EB1413 /* MainViewController.swift in Sources */,
				27DDA55C2A8E48CC00EB1413 /* String+Extension.swift in Sources */,
				27DDA5572A8CFF5500EB1413 /* DetailViewModel.swift in Sources */,
				27DDA5532A8CFF2100EB1413 /* DetailViewController.swift in Sources */,
				27D6D12E2A8A807600505EB2 /* AppDelegate.swift in Sources */,
				27DDA54C2A8CBC5B00EB1413 /* AppCoordinator.swift in Sources */,
				27DDA5552A8CFF4000EB1413 /* MainViewModel.swift in Sources */,
			);
			runOnlyForDeploymentPostprocessing = 0;
		};
/* End PBXSourcesBuildPhase section */

/* Begin PBXVariantGroup section */
		27D6D1332A8A807600505EB2 /* Main.storyboard */ = {
			isa = PBXVariantGroup;
			children = (
				27D6D1342A8A807600505EB2 /* Base */,
			);
			name = Main.storyboard;
			sourceTree = "<group>";
		};
		27D6D1382A8A807700505EB2 /* LaunchScreen.storyboard */ = {
			isa = PBXVariantGroup;
			children = (
				27D6D1392A8A807700505EB2 /* Base */,
			);
			name = LaunchScreen.storyboard;
			sourceTree = "<group>";
		};
/* End PBXVariantGroup section */

/* Begin XCBuildConfiguration section */
		27D6D13C2A8A807700505EB2 /* Debug */ = {
			isa = XCBuildConfiguration;
			buildSettings = {
				ALWAYS_SEARCH_USER_PATHS = NO;
				CLANG_ANALYZER_NONNULL = YES;
				CLANG_ANALYZER_NUMBER_OBJECT_CONVERSION = YES_AGGRESSIVE;
				CLANG_CXX_LANGUAGE_STANDARD = "gnu++20";
				CLANG_ENABLE_MODULES = YES;
				CLANG_ENABLE_OBJC_ARC = YES;
				CLANG_ENABLE_OBJC_WEAK = YES;
				CLANG_WARN_BLOCK_CAPTURE_AUTORELEASING = YES;
				CLANG_WARN_BOOL_CONVERSION = YES;
				CLANG_WARN_COMMA = YES;
				CLANG_WARN_CONSTANT_CONVERSION = YES;
				CLANG_WARN_DEPRECATED_OBJC_IMPLEMENTATIONS = YES;
				CLANG_WARN_DIRECT_OBJC_ISA_USAGE = YES_ERROR;
				CLANG_WARN_DOCUMENTATION_COMMENTS = YES;
				CLANG_WARN_EMPTY_BODY = YES;
				CLANG_WARN_ENUM_CONVERSION = YES;
				CLANG_WARN_INFINITE_RECURSION = YES;
				CLANG_WARN_INT_CONVERSION = YES;
				CLANG_WARN_NON_LITERAL_NULL_CONVERSION = YES;
				CLANG_WARN_OBJC_IMPLICIT_RETAIN_SELF = YES;
				CLANG_WARN_OBJC_LITERAL_CONVERSION = YES;
				CLANG_WARN_OBJC_ROOT_CLASS = YES_ERROR;
				CLANG_WARN_QUOTED_INCLUDE_IN_FRAMEWORK_HEADER = YES;
				CLANG_WARN_RANGE_LOOP_ANALYSIS = YES;
				CLANG_WARN_STRICT_PROTOTYPES = YES;
				CLANG_WARN_SUSPICIOUS_MOVE = YES;
				CLANG_WARN_UNGUARDED_AVAILABILITY = YES_AGGRESSIVE;
				CLANG_WARN_UNREACHABLE_CODE = YES;
				CLANG_WARN__DUPLICATE_METHOD_MATCH = YES;
				COPY_PHASE_STRIP = NO;
				DEBUG_INFORMATION_FORMAT = dwarf;
				ENABLE_STRICT_OBJC_MSGSEND = YES;
				ENABLE_TESTABILITY = YES;
				GCC_C_LANGUAGE_STANDARD = gnu11;
				GCC_DYNAMIC_NO_PIC = NO;
				GCC_NO_COMMON_BLOCKS = YES;
				GCC_OPTIMIZATION_LEVEL = 0;
				GCC_PREPROCESSOR_DEFINITIONS = (
					"DEBUG=1",
					"$(inherited)",
				);
				GCC_WARN_64_TO_32_BIT_CONVERSION = YES;
				GCC_WARN_ABOUT_RETURN_TYPE = YES_ERROR;
				GCC_WARN_UNDECLARED_SELECTOR = YES;
				GCC_WARN_UNINITIALIZED_AUTOS = YES_AGGRESSIVE;
				GCC_WARN_UNUSED_FUNCTION = YES;
				GCC_WARN_UNUSED_VARIABLE = YES;
				IPHONEOS_DEPLOYMENT_TARGET = 16.4;
				MTL_ENABLE_DEBUG_INFO = INCLUDE_SOURCE;
				MTL_FAST_MATH = YES;
				ONLY_ACTIVE_ARCH = YES;
				SDKROOT = iphoneos;
				SWIFT_ACTIVE_COMPILATION_CONDITIONS = DEBUG;
				SWIFT_OPTIMIZATION_LEVEL = "-Onone";
			};
			name = Debug;
		};
		27D6D13D2A8A807700505EB2 /* Release */ = {
			isa = XCBuildConfiguration;
			buildSettings = {
				ALWAYS_SEARCH_USER_PATHS = NO;
				CLANG_ANALYZER_NONNULL = YES;
				CLANG_ANALYZER_NUMBER_OBJECT_CONVERSION = YES_AGGRESSIVE;
				CLANG_CXX_LANGUAGE_STANDARD = "gnu++20";
				CLANG_ENABLE_MODULES = YES;
				CLANG_ENABLE_OBJC_ARC = YES;
				CLANG_ENABLE_OBJC_WEAK = YES;
				CLANG_WARN_BLOCK_CAPTURE_AUTORELEASING = YES;
				CLANG_WARN_BOOL_CONVERSION = YES;
				CLANG_WARN_COMMA = YES;
				CLANG_WARN_CONSTANT_CONVERSION = YES;
				CLANG_WARN_DEPRECATED_OBJC_IMPLEMENTATIONS = YES;
				CLANG_WARN_DIRECT_OBJC_ISA_USAGE = YES_ERROR;
				CLANG_WARN_DOCUMENTATION_COMMENTS = YES;
				CLANG_WARN_EMPTY_BODY = YES;
				CLANG_WARN_ENUM_CONVERSION = YES;
				CLANG_WARN_INFINITE_RECURSION = YES;
				CLANG_WARN_INT_CONVERSION = YES;
				CLANG_WARN_NON_LITERAL_NULL_CONVERSION = YES;
				CLANG_WARN_OBJC_IMPLICIT_RETAIN_SELF = YES;
				CLANG_WARN_OBJC_LITERAL_CONVERSION = YES;
				CLANG_WARN_OBJC_ROOT_CLASS = YES_ERROR;
				CLANG_WARN_QUOTED_INCLUDE_IN_FRAMEWORK_HEADER = YES;
				CLANG_WARN_RANGE_LOOP_ANALYSIS = YES;
				CLANG_WARN_STRICT_PROTOTYPES = YES;
				CLANG_WARN_SUSPICIOUS_MOVE = YES;
				CLANG_WARN_UNGUARDED_AVAILABILITY = YES_AGGRESSIVE;
				CLANG_WARN_UNREACHABLE_CODE = YES;
				CLANG_WARN__DUPLICATE_METHOD_MATCH = YES;
				COPY_PHASE_STRIP = NO;
				DEBUG_INFORMATION_FORMAT = "dwarf-with-dsym";
				ENABLE_NS_ASSERTIONS = NO;
				ENABLE_STRICT_OBJC_MSGSEND = YES;
				GCC_C_LANGUAGE_STANDARD = gnu11;
				GCC_NO_COMMON_BLOCKS = YES;
				GCC_WARN_64_TO_32_BIT_CONVERSION = YES;
				GCC_WARN_ABOUT_RETURN_TYPE = YES_ERROR;
				GCC_WARN_UNDECLARED_SELECTOR = YES;
				GCC_WARN_UNINITIALIZED_AUTOS = YES_AGGRESSIVE;
				GCC_WARN_UNUSED_FUNCTION = YES;
				GCC_WARN_UNUSED_VARIABLE = YES;
				IPHONEOS_DEPLOYMENT_TARGET = 16.4;
				MTL_ENABLE_DEBUG_INFO = NO;
				MTL_FAST_MATH = YES;
				SDKROOT = iphoneos;
				SWIFT_COMPILATION_MODE = wholemodule;
				SWIFT_OPTIMIZATION_LEVEL = "-O";
				VALIDATE_PRODUCT = YES;
			};
			name = Release;
		};
		27D6D13F2A8A807700505EB2 /* Debug */ = {
			isa = XCBuildConfiguration;
			buildSettings = {
				ASSETCATALOG_COMPILER_APPICON_NAME = AppIcon;
				ASSETCATALOG_COMPILER_GLOBAL_ACCENT_COLOR_NAME = AccentColor;
				CODE_SIGN_STYLE = Automatic;
				CURRENT_PROJECT_VERSION = 1;
				DEVELOPMENT_TEAM = 9YW4L3WZ5R;
				GENERATE_INFOPLIST_FILE = YES;
				INFOPLIST_FILE = "MVVM+Coordinator/Info.plist";
				INFOPLIST_KEY_UIApplicationSupportsIndirectInputEvents = YES;
				INFOPLIST_KEY_UILaunchStoryboardName = LaunchScreen;
				INFOPLIST_KEY_UIMainStoryboardFile = "";
				INFOPLIST_KEY_UISupportedInterfaceOrientations_iPad = "UIInterfaceOrientationPortrait UIInterfaceOrientationPortraitUpsideDown UIInterfaceOrientationLandscapeLeft UIInterfaceOrientationLandscapeRight";
				INFOPLIST_KEY_UISupportedInterfaceOrientations_iPhone = "UIInterfaceOrientationPortrait UIInterfaceOrientationLandscapeLeft UIInterfaceOrientationLandscapeRight";
				LD_RUNPATH_SEARCH_PATHS = (
					"$(inherited)",
					"@executable_path/Frameworks",
				);
				MARKETING_VERSION = 1.0;
				PRODUCT_BUNDLE_IDENTIFIER = "nikitin.MVVM-Coordinator";
				PRODUCT_NAME = "$(TARGET_NAME)";
				SWIFT_EMIT_LOC_STRINGS = YES;
				SWIFT_VERSION = 5.0;
				TARGETED_DEVICE_FAMILY = "1,2";
			};
			name = Debug;
		};
		27D6D1402A8A807700505EB2 /* Release */ = {
			isa = XCBuildConfiguration;
			buildSettings = {
				ASSETCATALOG_COMPILER_APPICON_NAME = AppIcon;
				ASSETCATALOG_COMPILER_GLOBAL_ACCENT_COLOR_NAME = AccentColor;
				CODE_SIGN_STYLE = Automatic;
				CURRENT_PROJECT_VERSION = 1;
				DEVELOPMENT_TEAM = 9YW4L3WZ5R;
				GENERATE_INFOPLIST_FILE = YES;
				INFOPLIST_FILE = "MVVM+Coordinator/Info.plist";
				INFOPLIST_KEY_UIApplicationSupportsIndirectInputEvents = YES;
				INFOPLIST_KEY_UILaunchStoryboardName = LaunchScreen;
				INFOPLIST_KEY_UIMainStoryboardFile = "";
				INFOPLIST_KEY_UISupportedInterfaceOrientations_iPad = "UIInterfaceOrientationPortrait UIInterfaceOrientationPortraitUpsideDown UIInterfaceOrientationLandscapeLeft UIInterfaceOrientationLandscapeRight";
				INFOPLIST_KEY_UISupportedInterfaceOrientations_iPhone = "UIInterfaceOrientationPortrait UIInterfaceOrientationLandscapeLeft UIInterfaceOrientationLandscapeRight";
				LD_RUNPATH_SEARCH_PATHS = (
					"$(inherited)",
					"@executable_path/Frameworks",
				);
				MARKETING_VERSION = 1.0;
				PRODUCT_BUNDLE_IDENTIFIER = "nikitin.MVVM-Coordinator";
				PRODUCT_NAME = "$(TARGET_NAME)";
				SWIFT_EMIT_LOC_STRINGS = YES;
				SWIFT_VERSION = 5.0;
				TARGETED_DEVICE_FAMILY = "1,2";
			};
			name = Release;
		};
/* End XCBuildConfiguration section */

/* Begin XCConfigurationList section */
		27D6D1252A8A807500505EB2 /* Build configuration list for PBXProject "MVVM+Coordinator" */ = {
			isa = XCConfigurationList;
			buildConfigurations = (
				27D6D13C2A8A807700505EB2 /* Debug */,
				27D6D13D2A8A807700505EB2 /* Release */,
			);
			defaultConfigurationIsVisible = 0;
			defaultConfigurationName = Release;
		};
		27D6D13E2A8A807700505EB2 /* Build configuration list for PBXNativeTarget "MVVM+Coordinator" */ = {
			isa = XCConfigurationList;
			buildConfigurations = (
				27D6D13F2A8A807700505EB2 /* Debug */,
				27D6D1402A8A807700505EB2 /* Release */,
			);
			defaultConfigurationIsVisible = 0;
			defaultConfigurationName = Release;
		};
/* End XCConfigurationList section */
	};
	rootObject = 27D6D1222A8A807500505EB2 /* Project object */;
}
